version = 1
requires-python = ">=3.13"

[[package]]
name = "babel"
version = "2.16.0"
source = { registry = "https://pypi.org/simple" }
sdist = { url = "https://files.pythonhosted.org/packages/2a/74/f1bc80f23eeba13393b7222b11d95ca3af2c1e28edca18af487137eefed9/babel-2.16.0.tar.gz", hash = "sha256:d1f3554ca26605fe173f3de0c65f750f5a42f924499bf134de6423582298e316", size = 9348104 }
wheels = [
    { url = "https://files.pythonhosted.org/packages/ed/20/bc79bc575ba2e2a7f70e8a1155618bb1301eaa5132a8271373a6903f73f8/babel-2.16.0-py3-none-any.whl", hash = "sha256:368b5b98b37c06b7daf6696391c3240c938b37767d4584413e8438c5c435fa8b", size = 9587599 },
]

[[package]]
name = "rabbit-todo"
version = "0.1.0"
source = { virtual = "." }
dependencies = [
    { name = "tkcalendar" },
]

[package.metadata]
requires-dist = [{ name = "tkcalendar", specifier = ">=1.6.1" }]

[[package]]
name = "tkcalendar"
version = "1.6.1"
source = { registry = "https://pypi.org/simple" }
dependencies = [
    { name = "babel" },
]
sdist = { url = "https://files.pythonhosted.org/packages/65/3d/3406cf7963661ed890082bff17ed4c5e26b5a564306639303d4fbb2a047f/tkcalendar-1.6.1.tar.gz", hash = "sha256:5edf958c0a59429e90309e9b805b2e229192bbcab952460247204d7030eea5cf", size = 32916 }
wheels = [
    { url = "https://files.pythonhosted.org/packages/e9/d4/9528ea6ecb5d4394f425df651957da6f6a715b41c5b12d43d41888c14394/tkcalendar-1.6.1-py3-none-any.whl", hash = "sha256:9d3a80816a7b32d64fab696fa3d2a007fb23c87953267d5e343a38ff4cd7c15c", size = 40912 },
]
